{
  "requires": true,
  "lockfileVersion": 1,
  "dependencies": {
    "dedent": {
      "version": "0.7.0",
      "resolved": "https://registry.npmjs.org/dedent/-/dedent-0.7.0.tgz",
      "integrity": "sha1-JJXduvbrh0q7Dhvp3yLS5aVEMmw="
    },
    "endent": {
      "version": "2.1.0",
      "resolved": "https://registry.npmjs.org/endent/-/endent-2.1.0.tgz",
      "integrity": "sha512-r8VyPX7XL8U01Xgnb1CjZ3XV+z90cXIJ9JPE/R9SEC9vpw2P6CfsRPJmp20DppC5N7ZAMCmjYkJIa744Iyg96w==",
      "requires": {
        "dedent": "^0.7.0",
        "fast-json-parse": "^1.0.3",
        "objectorarray": "^1.0.5"
      }
    },
    "fast-json-parse": {
      "version": "1.0.3",
      "resolved": "https://registry.npmjs.org/fast-json-parse/-/fast-json-parse-1.0.3.tgz",
      "integrity": "sha512-FRWsaZRWEJ1ESVNbDWmsAlqDk96gPQezzLghafp5J4GUKjbCz3OkAHuZs5TuPEtkbVQERysLp9xv6c24fBm8Aw=="
    },
    "objectorarray": {
      "version": "1.0.5",
      "resolved": "https://registry.npmjs.org/objectorarray/-/objectorarray-1.0.5.tgz",
      "integrity": "sha512-eJJDYkhJFFbBBAxeh8xW+weHlkI28n2ZdQV/J/DNfWfSKlGEf2xcfAbZTv3riEXHAhL9SVOTs2pRmXiSTf78xg=="
    }
  }
}
